// !$*UTF8*$!
{
	archiveVersion = 1;
	classes = {
	};
	objectVersion = 56;
	objects = {

/* Begin PBXBuildFile section */
		6A2E1B6A2B6F553D001E242A /* python-stdlib in Resources */ = {isa = PBXBuildFile; fileRef = 6A2E1B692B6F553D001E242A /* python-stdlib */; };
		6A2E1B6E2B6F5940001E242A /* DaVinciResolveScript.swift in Sources */ = {isa = PBXBuildFile; fileRef = 6A2E1B6D2B6F5940001E242A /* DaVinciResolveScript.swift */; };
		6A2E1B722B6F70E9001E242A /* ContentViewModel.swift in Sources */ = {isa = PBXBuildFile; fileRef = 6A2E1B712B6F70E9001E242A /* ContentViewModel.swift */; };
		6A2E1B782B6FE040001E242A /* ProjectInfoModel.swift in Sources */ = {isa = PBXBuildFile; fileRef = 6A2E1B752B6FE040001E242A /* ProjectInfoModel.swift */; };
		6A2E1B792B6FE040001E242A /* JobDetailsModel.swift in Sources */ = {isa = PBXBuildFile; fileRef = 6A2E1B762B6FE040001E242A /* JobDetailsModel.swift */; };
		6A2E1B7A2B6FE040001E242A /* JobBasicInfoModel.swift in Sources */ = {isa = PBXBuildFile; fileRef = 6A2E1B772B6FE040001E242A /* JobBasicInfoModel.swift */; };
		6A4892422B7FA04C0048C255 /* APNsPrivateKey.swift in Sources */ = {isa = PBXBuildFile; fileRef = 6A4892412B7FA04C0048C255 /* APNsPrivateKey.swift */; };
		6A4892482B7FCEFA0048C255 /* PythonObjectExtension.swift in Sources */ = {isa = PBXBuildFile; fileRef = 6A4892472B7FCEFA0048C255 /* PythonObjectExtension.swift */; };
		6A7A2DE52B7A4F740080C124 /* APNSServer.swift in Sources */ = {isa = PBXBuildFile; fileRef = 6A7A2DE42B7A4F740080C124 /* APNSServer.swift */; };
		6A7A2DEE2B7BE02D0080C124 /* TransmitEncryption.swift in Sources */ = {isa = PBXBuildFile; fileRef = 6A7A2DED2B7BE02D0080C124 /* TransmitEncryption.swift */; };
		6A7FC88D2B6F4714001132B9 /* iLoveTranscode_ServerApp.swift in Sources */ = {isa = PBXBuildFile; fileRef = 6A7FC88C2B6F4714001132B9 /* iLoveTranscode_ServerApp.swift */; };
		6A7FC88F2B6F4714001132B9 /* ContentView.swift in Sources */ = {isa = PBXBuildFile; fileRef = 6A7FC88E2B6F4714001132B9 /* ContentView.swift */; };
		6A7FC8912B6F4715001132B9 /* Assets.xcassets in Resources */ = {isa = PBXBuildFile; fileRef = 6A7FC8902B6F4715001132B9 /* Assets.xcassets */; };
		6A7FC8942B6F4715001132B9 /* Preview Assets.xcassets in Resources */ = {isa = PBXBuildFile; fileRef = 6A7FC8932B6F4715001132B9 /* Preview Assets.xcassets */; };
		6A7FC8962B6F4715001132B9 /* Persistence.swift in Sources */ = {isa = PBXBuildFile; fileRef = 6A7FC8952B6F4715001132B9 /* Persistence.swift */; };
		6A7FC8992B6F4715001132B9 /* iLoveTranscode_Server.xcdatamodeld in Sources */ = {isa = PBXBuildFile; fileRef = 6A7FC8972B6F4715001132B9 /* iLoveTranscode_Server.xcdatamodeld */; };
		6A7FC8A22B6F472E001132B9 /* PythonKit in Frameworks */ = {isa = PBXBuildFile; productRef = 6A7FC8A12B6F472E001132B9 /* PythonKit */; };
		6A8F865A2B7E907700D79E5B /* AppDelegate.swift in Sources */ = {isa = PBXBuildFile; fileRef = 6A8F86592B7E907700D79E5B /* AppDelegate.swift */; };
		6AC3896A2B727F0500878D68 /* Python.xcframework in Frameworks */ = {isa = PBXBuildFile; fileRef = 6A2E1B832B727AF7001E242A /* Python.xcframework */; };
		6AC3896D2B727F0800878D68 /* Pods_iLoveTranscode_Server.framework in Frameworks */ = {isa = PBXBuildFile; fileRef = 6CFD9C8351621E88A4E4C5B1 /* Pods_iLoveTranscode_Server.framework */; };
		6AD9FA722B83CCB9007C2D51 /* StartRenderView.swift in Sources */ = {isa = PBXBuildFile; fileRef = 6AD9FA712B83CCB9007C2D51 /* StartRenderView.swift */; };
/* End PBXBuildFile section */

/* Begin PBXFileReference section */
		0CA8667AD994084B3400EC10 /* Pods-iLoveTranscode_Server.debug.xcconfig */ = {isa = PBXFileReference; includeInIndex = 1; lastKnownFileType = text.xcconfig; name = "Pods-iLoveTranscode_Server.debug.xcconfig"; path = "Target Support Files/Pods-iLoveTranscode_Server/Pods-iLoveTranscode_Server.debug.xcconfig"; sourceTree = "<group>"; };
		6A2E1B692B6F553D001E242A /* python-stdlib */ = {isa = PBXFileReference; lastKnownFileType = folder; path = "python-stdlib"; sourceTree = "<group>"; };
		6A2E1B6D2B6F5940001E242A /* DaVinciResolveScript.swift */ = {isa = PBXFileReference; fileEncoding = 4; lastKnownFileType = sourcecode.swift; path = DaVinciResolveScript.swift; sourceTree = "<group>"; };
		6A2E1B712B6F70E9001E242A /* ContentViewModel.swift */ = {isa = PBXFileReference; lastKnownFileType = sourcecode.swift; path = ContentViewModel.swift; sourceTree = "<group>"; };
		6A2E1B732B6F8195001E242A /* iLoveTranscode-Server-Info.plist */ = {isa = PBXFileReference; lastKnownFileType = text.plist; path = "iLoveTranscode-Server-Info.plist"; sourceTree = SOURCE_ROOT; };
		6A2E1B752B6FE040001E242A /* ProjectInfoModel.swift */ = {isa = PBXFileReference; fileEncoding = 4; lastKnownFileType = sourcecode.swift; path = ProjectInfoModel.swift; sourceTree = "<group>"; };
		6A2E1B762B6FE040001E242A /* JobDetailsModel.swift */ = {isa = PBXFileReference; fileEncoding = 4; lastKnownFileType = sourcecode.swift; path = JobDetailsModel.swift; sourceTree = "<group>"; };
		6A2E1B772B6FE040001E242A /* JobBasicInfoModel.swift */ = {isa = PBXFileReference; fileEncoding = 4; lastKnownFileType = sourcecode.swift; path = JobBasicInfoModel.swift; sourceTree = "<group>"; };
		6A2E1B832B727AF7001E242A /* Python.xcframework */ = {isa = PBXFileReference; lastKnownFileType = wrapper.xcframework; path = Python.xcframework; sourceTree = "<group>"; };
		6A4892412B7FA04C0048C255 /* APNsPrivateKey.swift */ = {isa = PBXFileReference; lastKnownFileType = sourcecode.swift; path = APNsPrivateKey.swift; sourceTree = "<group>"; };
		6A4892472B7FCEFA0048C255 /* PythonObjectExtension.swift */ = {isa = PBXFileReference; lastKnownFileType = sourcecode.swift; path = PythonObjectExtension.swift; sourceTree = "<group>"; };
		6A7A2DE42B7A4F740080C124 /* APNSServer.swift */ = {isa = PBXFileReference; lastKnownFileType = sourcecode.swift; path = APNSServer.swift; sourceTree = "<group>"; };
		6A7A2DED2B7BE02D0080C124 /* TransmitEncryption.swift */ = {isa = PBXFileReference; fileEncoding = 4; lastKnownFileType = sourcecode.swift; path = TransmitEncryption.swift; sourceTree = "<group>"; };
		6A7FC8892B6F4714001132B9 /* 我爱转码·发射器.app */ = {isa = PBXFileReference; explicitFileType = wrapper.application; includeInIndex = 0; path = "我爱转码·发射器.app"; sourceTree = BUILT_PRODUCTS_DIR; };
		6A7FC88C2B6F4714001132B9 /* iLoveTranscode_ServerApp.swift */ = {isa = PBXFileReference; lastKnownFileType = sourcecode.swift; path = iLoveTranscode_ServerApp.swift; sourceTree = "<group>"; };
		6A7FC88E2B6F4714001132B9 /* ContentView.swift */ = {isa = PBXFileReference; lastKnownFileType = sourcecode.swift; path = ContentView.swift; sourceTree = "<group>"; };
		6A7FC8902B6F4715001132B9 /* Assets.xcassets */ = {isa = PBXFileReference; lastKnownFileType = folder.assetcatalog; path = Assets.xcassets; sourceTree = "<group>"; };
		6A7FC8932B6F4715001132B9 /* Preview Assets.xcassets */ = {isa = PBXFileReference; lastKnownFileType = folder.assetcatalog; path = "Preview Assets.xcassets"; sourceTree = "<group>"; };
		6A7FC8952B6F4715001132B9 /* Persistence.swift */ = {isa = PBXFileReference; lastKnownFileType = sourcecode.swift; path = Persistence.swift; sourceTree = "<group>"; };
		6A7FC8982B6F4715001132B9 /* iLoveTranscode_Server.xcdatamodel */ = {isa = PBXFileReference; lastKnownFileType = wrapper.xcdatamodel; path = iLoveTranscode_Server.xcdatamodel; sourceTree = "<group>"; };
		6A7FC89A2B6F4715001132B9 /* iLoveTranscode_Server.entitlements */ = {isa = PBXFileReference; lastKnownFileType = text.plist.entitlements; path = iLoveTranscode_Server.entitlements; sourceTree = "<group>"; };
		6A8F86592B7E907700D79E5B /* AppDelegate.swift */ = {isa = PBXFileReference; lastKnownFileType = sourcecode.swift; path = AppDelegate.swift; sourceTree = "<group>"; };
		6AD9FA712B83CCB9007C2D51 /* StartRenderView.swift */ = {isa = PBXFileReference; lastKnownFileType = sourcecode.swift; path = StartRenderView.swift; sourceTree = "<group>"; };
		6CFD9C8351621E88A4E4C5B1 /* Pods_iLoveTranscode_Server.framework */ = {isa = PBXFileReference; explicitFileType = wrapper.framework; includeInIndex = 0; path = Pods_iLoveTranscode_Server.framework; sourceTree = BUILT_PRODUCTS_DIR; };
		A8BCFB9580EC4C91279044CD /* Pods-iLoveTranscode_Server.release.xcconfig */ = {isa = PBXFileReference; includeInIndex = 1; lastKnownFileType = text.xcconfig; name = "Pods-iLoveTranscode_Server.release.xcconfig"; path = "Target Support Files/Pods-iLoveTranscode_Server/Pods-iLoveTranscode_Server.release.xcconfig"; sourceTree = "<group>"; };
/* End PBXFileReference section */

/* Begin PBXFrameworksBuildPhase section */
		6A7FC8862B6F4714001132B9 /* Frameworks */ = {
			isa = PBXFrameworksBuildPhase;
			buildActionMask = 2147483647;
			files = (
				6A7FC8A22B6F472E001132B9 /* PythonKit in Frameworks */,
				6AC3896D2B727F0800878D68 /* Pods_iLoveTranscode_Server.framework in Frameworks */,
				6AC3896A2B727F0500878D68 /* Python.xcframework in Frameworks */,
			);
			runOnlyForDeploymentPostprocessing = 0;
		};
/* End PBXFrameworksBuildPhase section */

/* Begin PBXGroup section */
		4D3F1D4724F09B45215901A1 /* Frameworks */ = {
			isa = PBXGroup;
			children = (
				6CFD9C8351621E88A4E4C5B1 /* Pods_iLoveTranscode_Server.framework */,
			);
			name = Frameworks;
			sourceTree = "<group>";
		};
		57E50DF5C8EAEA4AE3FCBE8E /* Pods */ = {
			isa = PBXGroup;
			children = (
				0CA8667AD994084B3400EC10 /* Pods-iLoveTranscode_Server.debug.xcconfig */,
				A8BCFB9580EC4C91279044CD /* Pods-iLoveTranscode_Server.release.xcconfig */,
			);
			path = Pods;
			sourceTree = "<group>";
		};
		6A2E1B742B6FE040001E242A /* Models */ = {
			isa = PBXGroup;
			children = (
				6A2E1B752B6FE040001E242A /* ProjectInfoModel.swift */,
				6A2E1B762B6FE040001E242A /* JobDetailsModel.swift */,
				6A2E1B772B6FE040001E242A /* JobBasicInfoModel.swift */,
			);
			path = Models;
			sourceTree = "<group>";
		};
		6A4892492B7FF0470048C255 /* PrivateFiles */ = {
			isa = PBXGroup;
			children = (
				6A4892412B7FA04C0048C255 /* APNsPrivateKey.swift */,
			);
			path = PrivateFiles;
			sourceTree = "<group>";
		};
		6A7FC8802B6F4714001132B9 = {
			isa = PBXGroup;
			children = (
				6A2E1B692B6F553D001E242A /* python-stdlib */,
				6A2E1B832B727AF7001E242A /* Python.xcframework */,
				6A7FC88B2B6F4714001132B9 /* iLoveTranscode_Server */,
				6A7FC88A2B6F4714001132B9 /* Products */,
				57E50DF5C8EAEA4AE3FCBE8E /* Pods */,
				4D3F1D4724F09B45215901A1 /* Frameworks */,
			);
			sourceTree = "<group>";
		};
		6A7FC88A2B6F4714001132B9 /* Products */ = {
			isa = PBXGroup;
			children = (
				6A7FC8892B6F4714001132B9 /* 我爱转码·发射器.app */,
			);
			name = Products;
			sourceTree = "<group>";
		};
		6A7FC88B2B6F4714001132B9 /* iLoveTranscode_Server */ = {
			isa = PBXGroup;
			children = (
				6A2E1B732B6F8195001E242A /* iLoveTranscode-Server-Info.plist */,
				6A8F86592B7E907700D79E5B /* AppDelegate.swift */,
				6A2E1B6D2B6F5940001E242A /* DaVinciResolveScript.swift */,
				6A7A2DE42B7A4F740080C124 /* APNSServer.swift */,
				6A7FC88C2B6F4714001132B9 /* iLoveTranscode_ServerApp.swift */,
				6A7FC88E2B6F4714001132B9 /* ContentView.swift */,
				6A2E1B712B6F70E9001E242A /* ContentViewModel.swift */,
				6AD9FA712B83CCB9007C2D51 /* StartRenderView.swift */,
				6A7A2DED2B7BE02D0080C124 /* TransmitEncryption.swift */,
				6A4892472B7FCEFA0048C255 /* PythonObjectExtension.swift */,
				6A4892492B7FF0470048C255 /* PrivateFiles */,
				6A7FC8902B6F4715001132B9 /* Assets.xcassets */,
				6A7FC8952B6F4715001132B9 /* Persistence.swift */,
				6A7FC89A2B6F4715001132B9 /* iLoveTranscode_Server.entitlements */,
				6A7FC8972B6F4715001132B9 /* iLoveTranscode_Server.xcdatamodeld */,
				6A2E1B742B6FE040001E242A /* Models */,
				6A7FC8922B6F4715001132B9 /* Preview Content */,
			);
			path = iLoveTranscode_Server;
			sourceTree = "<group>";
		};
		6A7FC8922B6F4715001132B9 /* Preview Content */ = {
			isa = PBXGroup;
			children = (
				6A7FC8932B6F4715001132B9 /* Preview Assets.xcassets */,
			);
			path = "Preview Content";
			sourceTree = "<group>";
		};
/* End PBXGroup section */

/* Begin PBXNativeTarget section */
		6A7FC8882B6F4714001132B9 /* iLoveTranscode_Server */ = {
			isa = PBXNativeTarget;
			buildConfigurationList = 6A7FC89D2B6F4715001132B9 /* Build configuration list for PBXNativeTarget "iLoveTranscode_Server" */;
			buildPhases = (
				E915293FE592381B17ED66F9 /* [CP] Check Pods Manifest.lock */,
				6A7FC8852B6F4714001132B9 /* Sources */,
				6A7FC8862B6F4714001132B9 /* Frameworks */,
				6A7FC8872B6F4714001132B9 /* Resources */,
				FEA4034263AA3121A1CD4431 /* [CP] Embed Pods Frameworks */,
				6A7A2DF02B7E5C830080C124 /* Sign Python Binary Modules */,
			);
			buildRules = (
			);
			dependencies = (
			);
			name = iLoveTranscode_Server;
			packageProductDependencies = (
				6A7FC8A12B6F472E001132B9 /* PythonKit */,
			);
			productName = iLoveTranscode_Server;
			productReference = 6A7FC8892B6F4714001132B9 /* 我爱转码·发射器.app */;
			productType = "com.apple.product-type.application";
		};
/* End PBXNativeTarget section */

/* Begin PBXProject section */
		6A7FC8812B6F4714001132B9 /* Project object */ = {
			isa = PBXProject;
			attributes = {
				BuildIndependentTargetsInParallel = 1;
				LastSwiftUpdateCheck = 1520;
				LastUpgradeCheck = 1520;
				TargetAttributes = {
					6A7FC8882B6F4714001132B9 = {
						CreatedOnToolsVersion = 15.2;
					};
				};
			};
			buildConfigurationList = 6A7FC8842B6F4714001132B9 /* Build configuration list for PBXProject "iLoveTranscode_Server" */;
			compatibilityVersion = "Xcode 14.0";
			developmentRegion = en;
			hasScannedForEncodings = 0;
			knownRegions = (
				en,
				Base,
			);
			mainGroup = 6A7FC8802B6F4714001132B9;
			packageReferences = (
				6A7FC8A02B6F472E001132B9 /* XCRemoteSwiftPackageReference "PythonKit" */,
			);
			productRefGroup = 6A7FC88A2B6F4714001132B9 /* Products */;
			projectDirPath = "";
			projectRoot = "";
			targets = (
				6A7FC8882B6F4714001132B9 /* iLoveTranscode_Server */,
			);
		};
/* End PBXProject section */

/* Begin PBXResourcesBuildPhase section */
		6A7FC8872B6F4714001132B9 /* Resources */ = {
			isa = PBXResourcesBuildPhase;
			buildActionMask = 2147483647;
			files = (
				6A7FC8942B6F4715001132B9 /* Preview Assets.xcassets in Resources */,
				6A7FC8912B6F4715001132B9 /* Assets.xcassets in Resources */,
				6A2E1B6A2B6F553D001E242A /* python-stdlib in Resources */,
			);
			runOnlyForDeploymentPostprocessing = 0;
		};
/* End PBXResourcesBuildPhase section */

/* Begin PBXShellScriptBuildPhase section */
		6A7A2DF02B7E5C830080C124 /* Sign Python Binary Modules */ = {
			isa = PBXShellScriptBuildPhase;
			buildActionMask = 2147483647;
			files = (
			);
			inputFileListPaths = (
			);
			inputPaths = (
			);
			name = "Sign Python Binary Modules";
			outputFileListPaths = (
			);
			outputPaths = (
			);
			runOnlyForDeploymentPostprocessing = 0;
			shellPath = /bin/sh;
			shellScript = "set -e\necho \"Signing as $EXPANDED_CODE_SIGN_IDENTITY_NAME ($EXPANDED_CODE_SIGN_IDENTITY)\"\nfind \"$SRCROOT/python-stdlib/lib-dynload\" -name \"*.so\" -exec /usr/bin/codesign --force --sign \"$EXPANDED_CODE_SIGN_IDENTITY\" -o runtime --timestamp=none --preserve-metadata=identifier,entitlements,flags --generate-entitlement-der {} \\;\n";
		};
		E915293FE592381B17ED66F9 /* [CP] Check Pods Manifest.lock */ = {
			isa = PBXShellScriptBuildPhase;
			buildActionMask = 2147483647;
			files = (
			);
			inputFileListPaths = (
			);
			inputPaths = (
				"${PODS_PODFILE_DIR_PATH}/Podfile.lock",
				"${PODS_ROOT}/Manifest.lock",
			);
			name = "[CP] Check Pods Manifest.lock";
			outputFileListPaths = (
			);
			outputPaths = (
				"$(DERIVED_FILE_DIR)/Pods-iLoveTranscode_Server-checkManifestLockResult.txt",
			);
			runOnlyForDeploymentPostprocessing = 0;
			shellPath = /bin/sh;
			shellScript = "diff \"${PODS_PODFILE_DIR_PATH}/Podfile.lock\" \"${PODS_ROOT}/Manifest.lock\" > /dev/null\nif [ $? != 0 ] ; then\n    # print error to STDERR\n    echo \"error: The sandbox is not in sync with the Podfile.lock. Run 'pod install' or update your CocoaPods installation.\" >&2\n    exit 1\nfi\n# This output is used by Xcode 'outputs' to avoid re-running this script phase.\necho \"SUCCESS\" > \"${SCRIPT_OUTPUT_FILE_0}\"\n";
			showEnvVarsInLog = 0;
		};
		FEA4034263AA3121A1CD4431 /* [CP] Embed Pods Frameworks */ = {
			isa = PBXShellScriptBuildPhase;
			buildActionMask = 2147483647;
			files = (
			);
			inputFileListPaths = (
				"${PODS_ROOT}/Target Support Files/Pods-iLoveTranscode_Server/Pods-iLoveTranscode_Server-frameworks-${CONFIGURATION}-input-files.xcfilelist",
			);
			name = "[CP] Embed Pods Frameworks";
			outputFileListPaths = (
				"${PODS_ROOT}/Target Support Files/Pods-iLoveTranscode_Server/Pods-iLoveTranscode_Server-frameworks-${CONFIGURATION}-output-files.xcfilelist",
			);
			runOnlyForDeploymentPostprocessing = 0;
			shellPath = /bin/sh;
			shellScript = "\"${PODS_ROOT}/Target Support Files/Pods-iLoveTranscode_Server/Pods-iLoveTranscode_Server-frameworks.sh\"\n";
			showEnvVarsInLog = 0;
		};
/* End PBXShellScriptBuildPhase section */

/* Begin PBXSourcesBuildPhase section */
		6A7FC8852B6F4714001132B9 /* Sources */ = {
			isa = PBXSourcesBuildPhase;
			buildActionMask = 2147483647;
			files = (
				6A8F865A2B7E907700D79E5B /* AppDelegate.swift in Sources */,
				6A7A2DE52B7A4F740080C124 /* APNSServer.swift in Sources */,
				6A4892482B7FCEFA0048C255 /* PythonObjectExtension.swift in Sources */,
				6A4892422B7FA04C0048C255 /* APNsPrivateKey.swift in Sources */,
				6A7FC8962B6F4715001132B9 /* Persistence.swift in Sources */,
				6A7FC88F2B6F4714001132B9 /* ContentView.swift in Sources */,
				6A2E1B792B6FE040001E242A /* JobDetailsModel.swift in Sources */,
				6A2E1B722B6F70E9001E242A /* ContentViewModel.swift in Sources */,
				6A7FC8992B6F4715001132B9 /* iLoveTranscode_Server.xcdatamodeld in Sources */,
				6A2E1B7A2B6FE040001E242A /* JobBasicInfoModel.swift in Sources */,
				6A2E1B6E2B6F5940001E242A /* DaVinciResolveScript.swift in Sources */,
				6A2E1B782B6FE040001E242A /* ProjectInfoModel.swift in Sources */,
				6AD9FA722B83CCB9007C2D51 /* StartRenderView.swift in Sources */,
				6A7A2DEE2B7BE02D0080C124 /* TransmitEncryption.swift in Sources */,
				6A7FC88D2B6F4714001132B9 /* iLoveTranscode_ServerApp.swift in Sources */,
			);
			runOnlyForDeploymentPostprocessing = 0;
		};
/* End PBXSourcesBuildPhase section */

/* Begin XCBuildConfiguration section */
		6A7FC89B2B6F4715001132B9 /* Debug */ = {
			isa = XCBuildConfiguration;
			buildSettings = {
				ALWAYS_SEARCH_USER_PATHS = NO;
				ASSETCATALOG_COMPILER_GENERATE_SWIFT_ASSET_SYMBOL_EXTENSIONS = YES;
				CLANG_ANALYZER_NONNULL = YES;
				CLANG_ANALYZER_NUMBER_OBJECT_CONVERSION = YES_AGGRESSIVE;
				CLANG_CXX_LANGUAGE_STANDARD = "gnu++20";
				CLANG_ENABLE_MODULES = YES;
				CLANG_ENABLE_OBJC_ARC = YES;
				CLANG_ENABLE_OBJC_WEAK = YES;
				CLANG_WARN_BLOCK_CAPTURE_AUTORELEASING = YES;
				CLANG_WARN_BOOL_CONVERSION = YES;
				CLANG_WARN_COMMA = YES;
				CLANG_WARN_CONSTANT_CONVERSION = YES;
				CLANG_WARN_DEPRECATED_OBJC_IMPLEMENTATIONS = YES;
				CLANG_WARN_DIRECT_OBJC_ISA_USAGE = YES_ERROR;
				CLANG_WARN_DOCUMENTATION_COMMENTS = YES;
				CLANG_WARN_EMPTY_BODY = YES;
				CLANG_WARN_ENUM_CONVERSION = YES;
				CLANG_WARN_INFINITE_RECURSION = YES;
				CLANG_WARN_INT_CONVERSION = YES;
				CLANG_WARN_NON_LITERAL_NULL_CONVERSION = YES;
				CLANG_WARN_OBJC_IMPLICIT_RETAIN_SELF = YES;
				CLANG_WARN_OBJC_LITERAL_CONVERSION = YES;
				CLANG_WARN_OBJC_ROOT_CLASS = YES_ERROR;
				CLANG_WARN_QUOTED_INCLUDE_IN_FRAMEWORK_HEADER = YES;
				CLANG_WARN_RANGE_LOOP_ANALYSIS = YES;
				CLANG_WARN_STRICT_PROTOTYPES = YES;
				CLANG_WARN_SUSPICIOUS_MOVE = YES;
				CLANG_WARN_UNGUARDED_AVAILABILITY = YES_AGGRESSIVE;
				CLANG_WARN_UNREACHABLE_CODE = YES;
				CLANG_WARN__DUPLICATE_METHOD_MATCH = YES;
				COPY_PHASE_STRIP = NO;
				DEAD_CODE_STRIPPING = YES;
				DEBUG_INFORMATION_FORMAT = dwarf;
				ENABLE_STRICT_OBJC_MSGSEND = YES;
				ENABLE_TESTABILITY = YES;
				ENABLE_USER_SCRIPT_SANDBOXING = YES;
				GCC_C_LANGUAGE_STANDARD = gnu17;
				GCC_DYNAMIC_NO_PIC = NO;
				GCC_NO_COMMON_BLOCKS = YES;
				GCC_OPTIMIZATION_LEVEL = 0;
				GCC_PREPROCESSOR_DEFINITIONS = (
					"DEBUG=1",
					"$(inherited)",
				);
				GCC_WARN_64_TO_32_BIT_CONVERSION = YES;
				GCC_WARN_ABOUT_RETURN_TYPE = YES_ERROR;
				GCC_WARN_UNDECLARED_SELECTOR = YES;
				GCC_WARN_UNINITIALIZED_AUTOS = YES_AGGRESSIVE;
				GCC_WARN_UNUSED_FUNCTION = YES;
				GCC_WARN_UNUSED_VARIABLE = YES;
				LOCALIZATION_PREFERS_STRING_CATALOGS = YES;
				MACOSX_DEPLOYMENT_TARGET = 14.1;
				MTL_ENABLE_DEBUG_INFO = INCLUDE_SOURCE;
				MTL_FAST_MATH = YES;
				ONLY_ACTIVE_ARCH = YES;
				SDKROOT = macosx;
				SWIFT_ACTIVE_COMPILATION_CONDITIONS = "DEBUG $(inherited)";
				SWIFT_OPTIMIZATION_LEVEL = "-Onone";
			};
			name = Debug;
		};
		6A7FC89C2B6F4715001132B9 /* Release */ = {
			isa = XCBuildConfiguration;
			buildSettings = {
				ALWAYS_SEARCH_USER_PATHS = NO;
				ASSETCATALOG_COMPILER_GENERATE_SWIFT_ASSET_SYMBOL_EXTENSIONS = YES;
				CLANG_ANALYZER_NONNULL = YES;
				CLANG_ANALYZER_NUMBER_OBJECT_CONVERSION = YES_AGGRESSIVE;
				CLANG_CXX_LANGUAGE_STANDARD = "gnu++20";
				CLANG_ENABLE_MODULES = YES;
				CLANG_ENABLE_OBJC_ARC = YES;
				CLANG_ENABLE_OBJC_WEAK = YES;
				CLANG_WARN_BLOCK_CAPTURE_AUTORELEASING = YES;
				CLANG_WARN_BOOL_CONVERSION = YES;
				CLANG_WARN_COMMA = YES;
				CLANG_WARN_CONSTANT_CONVERSION = YES;
				CLANG_WARN_DEPRECATED_OBJC_IMPLEMENTATIONS = YES;
				CLANG_WARN_DIRECT_OBJC_ISA_USAGE = YES_ERROR;
				CLANG_WARN_DOCUMENTATION_COMMENTS = YES;
				CLANG_WARN_EMPTY_BODY = YES;
				CLANG_WARN_ENUM_CONVERSION = YES;
				CLANG_WARN_INFINITE_RECURSION = YES;
				CLANG_WARN_INT_CONVERSION = YES;
				CLANG_WARN_NON_LITERAL_NULL_CONVERSION = YES;
				CLANG_WARN_OBJC_IMPLICIT_RETAIN_SELF = YES;
				CLANG_WARN_OBJC_LITERAL_CONVERSION = YES;
				CLANG_WARN_OBJC_ROOT_CLASS = YES_ERROR;
				CLANG_WARN_QUOTED_INCLUDE_IN_FRAMEWORK_HEADER = YES;
				CLANG_WARN_RANGE_LOOP_ANALYSIS = YES;
				CLANG_WARN_STRICT_PROTOTYPES = YES;
				CLANG_WARN_SUSPICIOUS_MOVE = YES;
				CLANG_WARN_UNGUARDED_AVAILABILITY = YES_AGGRESSIVE;
				CLANG_WARN_UNREACHABLE_CODE = YES;
				CLANG_WARN__DUPLICATE_METHOD_MATCH = YES;
				COPY_PHASE_STRIP = NO;
				DEAD_CODE_STRIPPING = YES;
				DEBUG_INFORMATION_FORMAT = "dwarf-with-dsym";
				ENABLE_NS_ASSERTIONS = NO;
				ENABLE_STRICT_OBJC_MSGSEND = YES;
				ENABLE_USER_SCRIPT_SANDBOXING = YES;
				GCC_C_LANGUAGE_STANDARD = gnu17;
				GCC_NO_COMMON_BLOCKS = YES;
				GCC_WARN_64_TO_32_BIT_CONVERSION = YES;
				GCC_WARN_ABOUT_RETURN_TYPE = YES_ERROR;
				GCC_WARN_UNDECLARED_SELECTOR = YES;
				GCC_WARN_UNINITIALIZED_AUTOS = YES_AGGRESSIVE;
				GCC_WARN_UNUSED_FUNCTION = YES;
				GCC_WARN_UNUSED_VARIABLE = YES;
				LOCALIZATION_PREFERS_STRING_CATALOGS = YES;
				MACOSX_DEPLOYMENT_TARGET = 14.1;
				MTL_ENABLE_DEBUG_INFO = NO;
				MTL_FAST_MATH = YES;
				SDKROOT = macosx;
				SWIFT_COMPILATION_MODE = wholemodule;
			};
			name = Release;
		};
		6A7FC89E2B6F4715001132B9 /* Debug */ = {
			isa = XCBuildConfiguration;
			baseConfigurationReference = 0CA8667AD994084B3400EC10 /* Pods-iLoveTranscode_Server.debug.xcconfig */;
			buildSettings = {
				ASSETCATALOG_COMPILER_ALTERNATE_APPICON_NAMES = "";
				ASSETCATALOG_COMPILER_APPICON_NAME = AppIcon;
				ASSETCATALOG_COMPILER_GLOBAL_ACCENT_COLOR_NAME = AccentColor;
				CODE_SIGN_ENTITLEMENTS = iLoveTranscode_Server/iLoveTranscode_Server.entitlements;
				CODE_SIGN_STYLE = Automatic;
				COMBINE_HIDPI_IMAGES = YES;
				CURRENT_PROJECT_VERSION = 25;
				DEAD_CODE_STRIPPING = YES;
				DEVELOPMENT_ASSET_PATHS = "\"iLoveTranscode_Server/Preview Content\"";
				DEVELOPMENT_TEAM = ZVDC8DS264;
				ENABLE_HARDENED_RUNTIME = YES;
				ENABLE_PREVIEWS = YES;
				ENABLE_USER_SCRIPT_SANDBOXING = NO;
				GENERATE_INFOPLIST_FILE = YES;
				INFOPLIST_FILE = "iLoveTranscode-Server-Info.plist";
				INFOPLIST_KEY_CFBundleDisplayName = "我爱转码·发射器";
				INFOPLIST_KEY_LSApplicationCategoryType = "public.app-category.utilities";
				INFOPLIST_KEY_NSHumanReadableCopyright = "Water-Zi@2024";
				LD_RUNPATH_SEARCH_PATHS = (
					"$(inherited)",
					"@executable_path/../Frameworks",
				);
				LIBRARY_SEARCH_PATHS = (
					"$(inherited)",
					"$(PROJECT_DIR)",
					"$(PROJECT_DIR)/iLoveTranscode_Server",
				);
				MACOSX_DEPLOYMENT_TARGET = 13.0;
				MARKETING_VERSION = 1.0.0;
				PRODUCT_BUNDLE_IDENTIFIER = "com.water-zi.iLoveTranscode-Server";
				PRODUCT_NAME = "我爱转码·发射器";
				SWIFT_EMIT_LOC_STRINGS = YES;
				SWIFT_VERSION = 5.0;
			};
			name = Debug;
		};
		6A7FC89F2B6F4715001132B9 /* Release */ = {
			isa = XCBuildConfiguration;
			baseConfigurationReference = A8BCFB9580EC4C91279044CD /* Pods-iLoveTranscode_Server.release.xcconfig */;
			buildSettings = {
				ASSETCATALOG_COMPILER_ALTERNATE_APPICON_NAMES = "";
				ASSETCATALOG_COMPILER_APPICON_NAME = AppIcon;
				ASSETCATALOG_COMPILER_GLOBAL_ACCENT_COLOR_NAME = AccentColor;
				CODE_SIGN_ENTITLEMENTS = iLoveTranscode_Server/iLoveTranscode_Server.entitlements;
				CODE_SIGN_STYLE = Automatic;
				COMBINE_HIDPI_IMAGES = YES;
				CURRENT_PROJECT_VERSION = 25;
				DEAD_CODE_STRIPPING = YES;
				DEVELOPMENT_ASSET_PATHS = "\"iLoveTranscode_Server/Preview Content\"";
				DEVELOPMENT_TEAM = ZVDC8DS264;
				ENABLE_HARDENED_RUNTIME = YES;
				ENABLE_PREVIEWS = YES;
				ENABLE_TESTABILITY = YES;
				ENABLE_USER_SCRIPT_SANDBOXING = NO;
				GENERATE_INFOPLIST_FILE = YES;
				INFOPLIST_FILE = "iLoveTranscode-Server-Info.plist";
				INFOPLIST_KEY_CFBundleDisplayName = "我爱转码·发射器";
				INFOPLIST_KEY_LSApplicationCategoryType = "public.app-category.utilities";
				INFOPLIST_KEY_NSHumanReadableCopyright = "Water-Zi@2024";
				LD_RUNPATH_SEARCH_PATHS = (
					"$(inherited)",
					"@executable_path/../Frameworks",
				);
				LIBRARY_SEARCH_PATHS = (
					"$(inherited)",
					"$(PROJECT_DIR)",
					"$(PROJECT_DIR)/iLoveTranscode_Server",
				);
				MACOSX_DEPLOYMENT_TARGET = 13.0;
				MARKETING_VERSION = 1.0.0;
				PRODUCT_BUNDLE_IDENTIFIER = "com.water-zi.iLoveTranscode-Server";
				PRODUCT_NAME = "我爱转码·发射器";
				SWIFT_EMIT_LOC_STRINGS = YES;
				SWIFT_VERSION = 5.0;
			};
			name = Release;
		};
/* End XCBuildConfiguration section */

/* Begin XCConfigurationList section */
		6A7FC8842B6F4714001132B9 /* Build configuration list for PBXProject "iLoveTranscode_Server" */ = {
			isa = XCConfigurationList;
			buildConfigurations = (
				6A7FC89B2B6F4715001132B9 /* Debug */,
				6A7FC89C2B6F4715001132B9 /* Release */,
			);
			defaultConfigurationIsVisible = 0;
			defaultConfigurationName = Release;
		};
		6A7FC89D2B6F4715001132B9 /* Build configuration list for PBXNativeTarget "iLoveTranscode_Server" */ = {
			isa = XCConfigurationList;
			buildConfigurations = (
				6A7FC89E2B6F4715001132B9 /* Debug */,
				6A7FC89F2B6F4715001132B9 /* Release */,
			);
			defaultConfigurationIsVisible = 0;
			defaultConfigurationName = Release;
		};
/* End XCConfigurationList section */

/* Begin XCRemoteSwiftPackageReference section */
		6A7FC8A02B6F472E001132B9 /* XCRemoteSwiftPackageReference "PythonKit" */ = {
			isa = XCRemoteSwiftPackageReference;
			repositoryURL = "https://github.com/pvieito/PythonKit.git";
			requirement = {
				branch = master;
				kind = branch;
			};
		};
/* End XCRemoteSwiftPackageReference section */

/* Begin XCSwiftPackageProductDependency section */
		6A7FC8A12B6F472E001132B9 /* PythonKit */ = {
			isa = XCSwiftPackageProductDependency;
			package = 6A7FC8A02B6F472E001132B9 /* XCRemoteSwiftPackageReference "PythonKit" */;
			productName = PythonKit;
		};
/* End XCSwiftPackageProductDependency section */

/* Begin XCVersionGroup section */
		6A7FC8972B6F4715001132B9 /* iLoveTranscode_Server.xcdatamodeld */ = {
			isa = XCVersionGroup;
			children = (
				6A7FC8982B6F4715001132B9 /* iLoveTranscode_Server.xcdatamodel */,
			);
			currentVersion = 6A7FC8982B6F4715001132B9 /* iLoveTranscode_Server.xcdatamodel */;
			path = iLoveTranscode_Server.xcdatamodeld;
			sourceTree = "<group>";
			versionGroupType = wrapper.xcdatamodel;
		};
/* End XCVersionGroup section */
	};
	rootObject = 6A7FC8812B6F4714001132B9 /* Project object */;
}
